cel.dev/expr v0.25.3 h1:A2jO8jwOugrrovveCWfj0KEZOfqiLgAcwjpHPhzIGw0=
cel.dev/expr v0.25.3/go.mod h1:hrXvqGP6G6gyx8UAHSHJ5RGk//1Oj5nXQ2NI02Nrsg4=
cloud.google.com/go v0.123.0 h1:2NAUJwPR47q+E35uaJeYoNhuNEM9kM8SjgRgdeOJUSE=
cloud.google.com/go v0.123.0/go.mod h1:xBoMV08QcqUGuPW65Qfm1o9Y4zKZBpGS+7bImXLTAZU=
cloud.google.com/go/auth v0.23.2 h1:pxSCpfiji41hpzpPdMCftEUCezpgpqmmDdYiAjCKXxo=
cloud.google.com/go/auth v0.23.2/go.mod h1:4DhBRcqvtljQN3dJ57qtqbib5ZGCYE5f2crfiiC2EM0=
cloud.google.com/go/auth/oauth2adapt v0.2.8 h1:keo8NaayQZ6wimpNSmW5OPc283g65QNIiLpZnkHRbnc=
cloud.google.com/go/auth/oauth2adapt v0.2.8/go.mod h1:XQ9y31RkqZCcwJWNSx2Xvric3RrU88hAYYbjDWYDL+c=
cloud.google.com/go/compute/metadata v0.9.0 h1:pDUj4QMoPejqq20dK0Pg2N4yG9zIkYGdBtwLoEkH9Zs=
cloud.google.com/go/compute/metadata v0.9.0/go.mod h1:E0bWwX5wTnLPedCKqk3pJmVgCBSM6qQI1yTBdEb3C10=
cloud.google.com/go/iam v1.13.0 h1:ufT3FPT5rFFXu6UtLkNoxaOaV5EuA1dsSkmemCSTo6U=
cloud.google.com/go/iam v1.13.0/go.mod h1:gHXdDEiPDvqd1q1KwBDGQlgZY/BwY760zU2LhOZS5w0=
cloud.google.com/go/logging v1.19.1 h1:7SsLhyTDBDrJw+Ll6Ns3I2mByqHXvJUc3rGjSlwiWgU=
cloud.google.com/go/logging v1.19.1/go.mod h1:2IkQ/d8jVJqV2qW8ZUGUiMjdZG1gkLD2JReGbZ8isqg=
cloud.google.com/go/longrunning v1.2.0 h1:WjYH3YHBGCxGJP9M4dWGHBfXr/cFIjMkNgWcJj7/iMM=
cloud.google.com/go/longrunning v1.2.0/go.mod h1:5KMQALFGOCtFoi2xSOA1u3H7WKlhmckgiyFw7+LGQp0=
cloud.google.com/go/monitoring v1.30.0 h1:r/d+JUbyKmJ8b07iznuKfzVzrIXTWxHQ3lBRm3x2LlY=
cloud.google.com/go/monitoring v1.30.0/go.mod h1:htlUR0QWVMrjFzZmN4LGnMAve9xB/eduwjmINxVZ8RM=
cloud.google.com/go/storage v1.67.0 h1:8xD3NvKuHE4c+b/kmSIVBdTc0BiOjplx+KecKGR9fr8=
cloud.google.com/go/storage v1.67.0/go.mod h1:UsS9OgFg/XHOSYakQ8ZtLWWeyGkk1WnmD/GsGfN0BHM=
cloud.google.com/go/trace v1.16.0 h1:GmQovzFc5F0CNfl0VLgL64aoTtu7xsM0YajW2GlG9+E=
cloud.google.com/go/trace v1.16.0/go.mod h1:r+bdAn16dKLSV1G2D5v3e58IlQlizfxWrUfjx7kM7X0=
github.com/Azure/azure-sdk-for-go/sdk/azcore v1.23.1 h1:zvXfGJCWvywnCA814d8ZiVyt+fm9nnTE8xSb99zRyfo=
github.com/Azure/azure-sdk-for-go/sdk/azcore v1.23.1/go.mod h1:iptorS+VYKFL2N6PnebpS91dubG35eAOEERnT4PJbQU=
github.com/Azure/azure-sdk-for-go/sdk/azidentity v1.14.1 h1:u93s+zU2JD62im61Bm5CZIc1ZrOJaIAWEg0WOrMVkEo=
github.com/Azure/azure-sdk-for-go/sdk/azidentity v1.14.1/go.mod h1:oXtinPO4OLj9d1DOTrqrL1oRwGhcqadvAmrl6wTeGlk=
github.com/Azure/azure-sdk-for-go/sdk/azidentity/cache v0.4.0 h1:xFaZZ+IubdftrDHnGGwZ6QvQ3KHTtWl2MCK+GMt2vxs=
github.com/Azure/azure-sdk-for-go/sdk/azidentity/cache v0.4.0/go.mod h1:mCBhUhlMjLLJKr5aqw2TNS/VqJOie8MzWq3DAMJeKso=
github.com/Azure/azure-sdk-for-go/sdk/internal v1.12.0 h1:fhqpLE3UEXi9lPaBRpQ6XuRW0nU7hgg4zlmZZa+a9q4=
github.com/Azure/azure-sdk-for-go/sdk/internal v1.12.0/go.mod h1:7dCRMLwisfRH3dBupKeNCioWYUZ4SS09Z14H+7i8ZoY=
github.com/Azure/azure-sdk-for-go/sdk/resourcemanager/storage/armstorage v1.8.1 h1:/Zt+cDPnpC3OVDm/JKLOs7M2DKmLRIIp3XIx9pHHiig=
github.com/Azure/azure-sdk-for-go/sdk/resourcemanager/storage/armstorage v1.8.1/go.mod h1:Ng3urmn6dYe8gnbCMoHHVl5APYz2txho3koEkV2o2HA=
github.com/Azure/azure-sdk-for-go/sdk/security/keyvault/azsecrets v1.5.0 h1:aMFOzch6ZJo4Ct9hI4A9Y2fPen5YNRTPmkSBhe5m0ZQ=
github.com/Azure/azure-sdk-for-go/sdk/security/keyvault/azsecrets v1.5.0/go.mod h1:Oct8bx+g+DXKngU7i/LzFzYt44rmLdMu4uoofIpooVo=
github.com/Azure/azure-sdk-for-go/sdk/security/keyvault/internal v1.2.0 h1:nCYfgcSyHZXJI8J0IWE5MsCGlb2xp9fJiXyxWgmOFg4=
github.com/Azure/azure-sdk-for-go/sdk/security/keyvault/internal v1.2.0/go.mod h1:ucUjca2JtSZboY8IoUqyQyuuXvwbMBVwFOm0vdQPNhA=
github.com/Azure/azure-sdk-for-go/sdk/storage/azblob v1.8.0 h1:irsmOWwkp0KCTTNS5e2hdFeIvSQClQo2No3IaNmL3Vw=
github.com/Azure/azure-sdk-for-go/sdk/storage/azblob v1.8.0/go.mod h1:GWcBkQj3MqN7ozHKLaCCAuNLiXoIGv2RtanfAwSjY/Y=
github.com/AzureAD/microsoft-authentication-extensions-for-go/cache v0.1.1 h1:WJTmL004Abzc5wDB5VtZG2PJk5ndYDgVacGqfirKxjM=
github.com/AzureAD/microsoft-authentication-extensions-for-go/cache v0.1.1/go.mod h1:tCcJZ0uHAmvjsVYzEFivsRTN00oz5BEsRgQHu5JZ9WE=
github.com/AzureAD/microsoft-authentication-library-for-go v1.9.0 h1:MDT4FxAPve5FnYn6vOL1r7RCRDG+l9cI7a5LlCuHsqA=
github.com/AzureAD/microsoft-authentication-library-for-go v1.9.0/go.mod h1:Y33QHnf0FfdVewFFISOGe20mkZbxX4H839o955/PoeI=
github.com/Backblaze/blazer v0.7.2 h1:UWNHMLB+Nf+UmbO2qkVvgriODLEMz4kIyr2Hm+DVXQM=
github.com/Backblaze/blazer v0.7.2/go.mod h1:T4y3EYa9IQ5J0PKc/C/J8/CEnSd3qa/lgNw938wZg10=
github.com/BurntSushi/toml v1.6.0 h1:dRaEfpa2VI55EwlIW72hMRHdWouJeRF7TPYhI+AUQjk=
github.com/BurntSushi/toml v1.6.0/go.mod h1:ukJfTF/6rtPPRCnwkur4qwRxa8vTRFBF0uk2lLoLwho=
github.com/DataDog/zstd v1.5.7 h1:ybO8RBeh29qrxIhCA9E8gKY6xfONU9T6G6aP9DTKfLE=
github.com/DataDog/zstd v1.5.7/go.mod h1:g4AWEaM3yOg3HYfnJ3YIawPnVdXJh9QME85blwSAmyw=
github.com/GoogleCloudPlatform/opentelemetry-operations-go/detectors/gcp v1.37.0 h1:edOuLWehuDlQ68roBF900Y09jvBoJP5W5d/wusz9nWY=
github.com/GoogleCloudPlatform/opentelemetry-operations-go/detectors/gcp v1.37.0/go.mod h1:iIyrdhveU5Ow84ipRlxtjCOQnIM0DiqSMxuxm50xwZY=
github.com/GoogleCloudPlatform/opentelemetry-operations-go/exporter/metric v0.61.0 h1:BeC1Bub7Ttk33TF8v3ZeQ2L8acvz4ZLqtQuLyJAZquc=
github.com/GoogleCloudPlatform/opentelemetry-operations-go/exporter/metric v0.61.0/go.mod h1:UgG/Xn9+NXb1/ueSczIFxyuya3hs3srFDiZG2JrpJwY=
github.com/GoogleCloudPlatform/opentelemetry-operations-go/internal/cloudmock v0.61.0 h1:eSgSuKdcpY7RTN1oXSzC6S39rPBImn03ubLMsWK4RRg=
github.com/GoogleCloudPlatform/opentelemetry-operations-go/internal/cloudmock v0.61.0/go.mod h1:ifhe5teRNcbxg9p353DhOkOgczzL/IBLYFqT1cm1zpM=
github.com/GoogleCloudPlatform/opentelemetry-operations-go/internal/resourcemapping v0.61.0 h1:KhpL26/GviYITHMCEGGqT/l50siFaBCBBKrjv6Z0G/k=
github.com/GoogleCloudPlatform/opentelemetry-operations-go/internal/resourcemapping v0.61.0/go.mod h1:sg6Wqbl0BKKZ5zKnQj2q0qic/3ziF894SCx1LpbX37Y=
github.com/Julusian/godocdown v0.0.0-20170816220326-6d19f8ff2df8/go.mod h1:INZr5t32rG59/5xeltqoCJoNY7e5x/3xoY9WSWVWg74=
github.com/Microsoft/go-winio v0.6.2 h1:F2VQgta7ecxGYO8k3ZZz3RS8fVIXVxONVUPlNERoyfY=
github.com/Microsoft/go-winio v0.6.2/go.mod h1:yd8OoFMLzJbo9gZq8j5qaps8bJ9aShtEA8Ipt1oGCvU=
github.com/anacrolix/envpprof v1.3.0 h1:WJt9bpuT7A/CDCxPOv/eeZqHWlle/Y0keJUvc6tcJDk=
github.com/anacrolix/envpprof v1.3.0/go.mod h1:7QIG4CaX1uexQ3tqd5+BRa/9e2D02Wcertl6Yh0jCB0=
github.com/anacrolix/fuse v0.4.0 h1:cmYVLSPjUZ6fDavcpc8OxRMBwQhG9c+MJ0QeD15sBRU=
github.com/anacrolix/fuse v0.4.0/go.mod h1:vN3X/6E+uHNjg5F8Oy9FD9I+pYxeDWeB8mNjIoxL5ds=
github.com/anacrolix/generics v0.0.0-20230113004304-d6428d516633 h1:TO3pytMIJ98CO1nYtqbFx/iuTHi4OgIUoE2wNfDdKxw=
github.com/anacrolix/generics v0.0.0-20230113004304-d6428d516633/go.mod h1:ff2rHB/joTV03aMSSn/AZNnaIpUw0h3njetGsaXcMy8=
github.com/anacrolix/log v0.13.1/go.mod h1:D4+CvN8SnruK6zIFS/xPoRJmtvtnxs+CSfDQ+BFxZ68=
github.com/anacrolix/log v0.14.1 h1:j2FcIpYZ5FbANetUcm5JNu+zUBGADSp/VbjhUPrAY0k=
github.com/anacrolix/log v0.14.1/go.mod h1:1OmJESOtxQGNMlUO5rcv96Vpp9mfMqXXbe2RdinFLdY=
github.com/aws/aws-sdk-go-v2 v1.46.0 h1:1kt7m/EKcEHt5mlyyxx9cSlMddRPIKbjb6DIQsu4HPk=
github.com/aws/aws-sdk-go-v2 v1.46.0/go.mod h1:bttEH6JqnUL8LepvDVfdrds/fZ5bCIxzpe3abyUrhDU=
github.com/aws/aws-sdk-go-v2/config v1.33.3 h1:h090b3O5S17bF87/0ysHZuIT/7DCb4EBRFQX2PMVPCw=
github.com/aws/aws-sdk-go-v2/config v1.33.3/go.mod h1:YYDB1kTejxbfAbEVUqgCtkVp26xvNCHev9cLKABMGAk=
github.com/aws/aws-sdk-go-v2/credentials v1.20.3 h1:tToOYM/LXev4NpfWlIYGDvBvjHmJ3HXpRU9ppl+pM6k=
github.com/aws/aws-sdk-go-v2/credentials v1.20.3/go.mod h1:wfGneWyncO7p67wqXV2IQhPk14JqIc25woKlaArT3WI=
github.com/aws/aws-sdk-go-v2/feature/ec2/imds v1.19.2 h1:Ldv7RPHs7qwwTscRjAl3YBud32f3BvdAGRmSvAx5L38=
github.com/aws/aws-sdk-go-v2/feature/ec2/imds v1.19.2/go.mod h1:XyK6UV8xbo66ysVqLd2783C09pBYHOm8aKTRV5DVJ30=
github.com/aws/aws-sdk-go-v2/internal/configsources v1.5.2 h1:q/PSLGuRWCChWg+dLnb9dWOnrCxJtnboXbBtFoqqRrI=
github.com/aws/aws-sdk-go-v2/internal/configsources v1.5.2/go.mod h1:TD1jvU2LvXkJexct5vBqcd8QlNXh5EmRUeL/Z32p0n4=
github.com/aws/aws-sdk-go-v2/internal/endpoints/v2 v2.8.2 h1:6fl86IPqKEXoySqiOWdfgbEp9OVbn44zTfEICNEBDhY=
github.com/aws/aws-sdk-go-v2/internal/endpoints/v2 v2.8.2/go.mod h1:63HDfhFkdzBpI8WGXTSKUHPKS6mqldj4u3LJW7RZtSU=
github.com/aws/aws-sdk-go-v2/internal/v4a v1.5.2 h1:XMgIRS+uW9F3yFKnXGRrI9pkHi99CXTmoz2kz2/TGBA=
github.com/aws/aws-sdk-go-v2/internal/v4a v1.5.2/go.mod h1:vorxDzK+n3jiv9a5ST/LG0Eu9cSv1CRdKTpG6pDMs+M=
github.com/aws/aws-sdk-go-v2/service/internal/accept-encoding v1.13.19 h1:bAdDl/HkGCcGPoe25ToSHEw23VIxt6CT5fLcg111BKg=
github.com/aws/aws-sdk-go-v2/service/internal/accept-encoding v1.13.19/go.mod h1:KaUzbLxv4CeSxh6ZCl9B4m7CuFenS8kUEaDs+f/DQr4=
github.com/aws/aws-sdk-go-v2/service/internal/presigned-url v1.14.2 h1:ZtHYnumr6QyxhzEzNZwzQTFJEXOswrZqTTkRxthwvr4=
github.com/aws/aws-sdk-go-v2/service/internal/presigned-url v1.14.2/go.mod h1:a1NXrYpBd311gBzn1UI5UzJyyvXktM4xNh/ydPiPpqY=
github.com/aws/aws-sdk-go-v2/service/kms v1.59.0 h1:qvCvEQxFqL4LLCFLuvrNovy2iLYSU74gedrahGvT6vI=
github.com/aws/aws-sdk-go-v2/service/kms v1.59.0/go.mod h1:p1tptb9enFZSeQxQjODPDwcDAuFrKKXumkHUi+R5C8A=
github.com/aws/aws-sdk-go-v2/service/signin v1.9.0 h1:c3k+k/CS4L+sAIH6fxikL+g5g2LpeNczaoyjjw1iMKI=
github.com/aws/aws-sdk-go-v2/service/signin v1.9.0/go.mod h1:AGIoQg99fBrOIQnF78TLx4lj18mc4gZ0hJx1UaLIFM4=
github.com/aws/aws-sdk-go-v2/service/sso v1.37.0 h1:+rqBaOq7jzInjY8M12hr+zEe85JpRll9BjMx38r33Ok=
github.com/aws/aws-sdk-go-v2/service/sso v1.37.0/go.mod h1:XFlVwUsw3sYh8Hw37umYVJnrcWrwXWRxbNw/JY0bblw=
github.com/aws/aws-sdk-go-v2/service/ssooidc v1.42.0 h1:hzM3GslEAOBcLn3DHH6ENToFi+vXP+n02W+x6zejAIM=
github.com/aws/aws-sdk-go-v2/service/ssooidc v1.42.0/go.mod h1:588e7skMkYIYkSUseT8E3WKFfbAfrA1bj3Zf+qxJtJY=
github.com/aws/aws-sdk-go-v2/service/sts v1.49.0 h1:N7Ey8obY3uSui+cxl0OUzFlFmkxSucoJnrniFhw+cLc=
github.com/aws/aws-sdk-go-v2/service/sts v1.49.0/go.mod h1:zMBwjSf4Pt8a1OHYiZ5rPD0PJRK1kQrUaxhS/Dbld8E=
github.com/aws/smithy-go v1.28.1 h1:R/nXH00c8qcfCzQVELtRw+eLQWtzv+VAIEFJ1/xxXlQ=
github.com/aws/smithy-go v1.28.1/go.mod h1:YE2RhdIuDbA5E5bTdciG9KrW3+TiEONeUWCqxX9i1Fc=
github.com/beorn7/perks v1.0.1 h1:VlbKKnNfV8bJzeqoa4cOKqO6bYr3WgKZxO8Z16+hsOM=
github.com/beorn7/perks v1.0.1/go.mod h1:G2ZrVWU2WbWT9wwq4/hrbKbnv/1ERSJQ0ibhJ6rlkpw=
github.com/cenkalti/backoff/v4 v4.3.0 h1:MyRJ/UdXutAwSAT+s3wNd7MfTIcy71VQueUuFK343L8=
github.com/cenkalti/backoff/v4 v4.3.0/go.mod h1:Y3VNntkOUPxTVeUxJ/G5vcM//AlwfmyYozVcomhLiZE=
github.com/ceph/go-ceph v0.41.0 h1:uATh5+zR1KWOQCoBYj4uEfuAPsSccajOGXWW8u8UTgA=
github.com/ceph/go-ceph v0.41.0/go.mod h1:8tvljRxQ65aEtRt7aCxzuPpN7tiwPHCPPSuAqQ5teCY=
github.com/cespare/xxhash/v2 v2.3.0 h1:UL815xU9SqsFlibzuggzjXhog7bL6oX9BbNZnL2UFvs=
github.com/cespare/xxhash/v2 v2.3.0/go.mod h1:VGX0DQ3Q6kWi7AoAeZDth3/j3BFtOZR5XLFGgcrjCOs=
github.com/chromedp/cdproto v0.0.0-20230802225258-3cf4e6d46a89/go.mod h1:GKljq0VrfU4D5yc+2qA6OVr8pmO/MBbPEWqWQ/oqGEs=
github.com/chromedp/chromedp v0.9.2/go.mod h1:LkSXJKONWTCHAfQasKFUZI+mxqS4tZqhmtGzzhLsnLs=
github.com/chromedp/sysutil v1.0.0/go.mod h1:kgWmDdq8fTzXYcKIBqIYvRRTnYb9aNS9moAV0xufSww=
github.com/chzyer/logex v1.1.10/go.mod h1:+Ywpsq7O8HXn0nuIou7OrIPyXbp3wmkHB+jjWRnGsAI=
github.com/chzyer/logex v1.2.1/go.mod h1:JLbx6lG2kDbNRFnfkgvh4eRJRPX1QCoOIWomwysCBrQ=
github.com/chzyer/readline v0.0.0-20180603132655-2972be24d48e/go.mod h1:nSuG5e5PlCu98SY8svDHJxuZscDgtXS6KTTbou5AhLI=
github.com/chzyer/readline v1.5.1/go.mod h1:Eh+b79XXUwfKfcPLepksvw2tcLE/Ct21YObkaSkeBlk=
github.com/chzyer/test v0.0.0-20180213035817-a1ea475d72b1/go.mod h1:Q3SI9o4m/ZMnBNeIyt5eFwwo7qiLfzFZmjNmxjkiQlU=
github.com/chzyer/test v1.0.0/go.mod h1:2JlltgoNkt4TW/z9V/IzDdFaMTM2JPIi26O1pF38GC8=
github.com/cloudflare/circl v1.6.5 h1:O64F26HEqNhznd/hrC5KZXVKYuKM2rx4deZDTc4ihQA=
github.com/cloudflare/circl v1.6.5/go.mod h1:h5LNyxAc5nTue9DS5jT+48en2PSDYt3zdGnz5OstK6c=
github.com/cncf/xds/go v0.0.0-20260202195803-dba9d589def2 h1:aBangftG7EVZoUb69Os8IaYg++6uMOdKK83QtkkvJik=
github.com/cncf/xds/go v0.0.0-20260202195803-dba9d589def2/go.mod h1:qwXFYgsP6T7XnJtbKlf1HP8AjxZZyzxMmc+Lq5GjlU4=
github.com/cockroachdb/datadriven v1.0.3-0.20230413201302-be42291fc80f h1:otljaYPt5hWxV3MUfO5dFPFiOXg9CyG5/kCfayTqsJ4=
github.com/cockroachdb/datadriven v1.0.3-0.20230413201302-be42291fc80f/go.mod h1:a9RdTaap04u637JoCzcUoIcDmvwSUtcUFtT/C3kJlTU=
github.com/cockroachdb/errors v1.14.0 h1:EfdVEJpN3z8rPMo43Yit59LxoiIa470fSXpZXuEs+ZI=
github.com/cockroachdb/errors v1.14.0/go.mod h1:xRa70jZ9sNBQmISt5KmJmAD++E4dQHm89oCRiZGEdq0=
github.com/cockroachdb/fifo v0.0.0-20240816210425-c5d0cb0b6fc0 h1:pU88SPhIFid6/k0egdR5V6eALQYq2qbSmukrkgIh/0A=
github.com/cockroachdb/fifo v0.0.0-20240816210425-c5d0cb0b6fc0/go.mod h1:9/y3cnZ5GKakj/H4y9r9GTjCvAFta7KLgSHPJJYc52M=
github.com/cockroachdb/logtags v0.0.0-20241215232642-bb51bb14a506 h1:ASDL+UJcILMqgNeV5jiqR4j+sTuvQNHdf2chuKj1M5k=
github.com/cockroachdb/logtags v0.0.0-20241215232642-bb51bb14a506/go.mod h1:Mw7HqKr2kdtu6aYGn3tPmAftiP3QPX63LdK/zcariIo=
github.com/cockroachdb/pebble v1.1.5 h1:5AAWCBWbat0uE0blr8qzufZP5tBjkRyy/jWe1QWLnvw=
github.com/cockroachdb/pebble v1.1.5/go.mod h1:17wO9el1YEigxkP/YtV8NtCivQDgoCyBg5c4VR/eOWo=
github.com/cockroachdb/redact v1.1.8 h1:8eVLLj6juKxiKrAEw2b8cJvNqWq++U8WOfQFuL7KTaA=
github.com/cockroachdb/redact v1.1.8/go.mod h1:GceHHpJ0rMDpYARL5In88Alq/xMBUtVlz7Qxix6ZVkw=
github.com/cockroachdb/tokenbucket v0.0.0-20250429170803-42689b6311bb h1:3bCgBvB8PbJVMX1ouCcSIxvsqKPYM7gs72o0zC76n9g=
github.com/cockroachdb/tokenbucket v0.0.0-20250429170803-42689b6311bb/go.mod h1:7nc4anLGjupUW/PeY5qiNYsdNXj7zopG+eqsS7To5IQ=
github.com/cpuguy83/go-md2man/v2 v2.0.6/go.mod h1:oOW0eioCTA6cOiMLiUPZOpcVxMig6NIQQ7OS05n1F4g=
github.com/cpuguy83/go-md2man/v2 v2.0.7 h1:zbFlGlXEAKlwXpmvle3d8Oe3YnkKIK4xSRTd3sHPnBo=
github.com/cpuguy83/go-md2man/v2 v2.0.7/go.mod h1:oOW0eioCTA6cOiMLiUPZOpcVxMig6NIQQ7OS05n1F4g=
github.com/creack/pty v1.1.9/go.mod h1:oKZEueFk5CKHvIhNR5MUki03XCEU+Q6VDXinZuGJ33E=
github.com/davecgh/go-spew v1.1.0/go.mod h1:J7Y8YcW2NihsgmVo/mv3lAwl/skON4iLHjSsI+c5H38=
github.com/davecgh/go-spew v1.1.1/go.mod h1:J7Y8YcW2NihsgmVo/mv3lAwl/skON4iLHjSsI+c5H38=
github.com/dustin/go-humanize v1.0.1 h1:GzkhY7T5VNhEkwH0PVJgjz+fX1rhBrR7pRT3mDkpeCY=
github.com/dustin/go-humanize v1.0.1/go.mod h1:Mu1zIs6XwVuF/gI1OepvI0qD18qycQx+mFykh5fBlto=
github.com/dvyukov/go-fuzz v0.0.0-20220726122315-1d375ef9f9f6/go.mod h1:11Gm+ccJnvAhCNLlf5+cS9KjtbaD5I5zaZpFMsTHWTw=
github.com/elazarl/go-bindata-assetfs v1.0.0/go.mod h1:v+YaWX3bdea5J/mo8dSETolEo7R71Vk1u8bnjau5yw4=
github.com/elithrar/simple-scrypt v1.4.1 h1:LtAlU7NDhCJN2eUam1yOr9O1XTHb8T+pnDHh/wwlSt0=
github.com/elithrar/simple-scrypt v1.4.1/go.mod h1:z2XuSRl9BwLdpRdh8Hs1vu5ehoOw8lPbcZW9ViGjXNs=
github.com/envoyproxy/go-control-plane v0.14.0 h1:hbG2kr4RuFj222B6+7T83thSPqLjwBIfQawTkC++2HA=
github.com/envoyproxy/go-control-plane v0.14.0/go.mod h1:NcS5X47pLl/hfqxU70yPwL9ZMkUlwlKxtAohpi2wBEU=
github.com/envoyproxy/go-control-plane/envoy v1.39.0 h1:1uwRDYPYG8BIBU9Mj1sUAebNmlM6beu/ZKKweSLDxk8=
github.com/envoyproxy/go-control-plane/envoy v1.39.0/go.mod h1:5e4ylfTZO723MEEFsCpSW4ZEBWR8mwkEyXfwJBTCZ9c=
github.com/envoyproxy/go-control-plane/ratelimit v0.1.0 h1:/G9QYbddjL25KvtKTv3an9lx6VBE2cnb8wp1vEGNYGI=
github.com/envoyproxy/go-control-plane/ratelimit v0.1.0/go.mod h1:Wk+tMFAFbCXaJPzVVHnPgRKdUdwW/KdbRt94AzgRee4=
github.com/envoyproxy/protoc-gen-validate v1.3.3 h1:MVQghNeW+LZcmXe7SY1V36Z+WFMDjpqGAGacLe2T0ds=
github.com/envoyproxy/protoc-gen-validate v1.3.3/go.mod h1:TsndJ/ngyIdQRhMcVVGDDHINPLWB7C82oDArY51KfB0=
github.com/felixge/fgprof v0.9.3/go.mod h1:RdbpDgzqYVh/T9fPELJyV7EYJuHB55UTEULNun8eiPw=
github.com/felixge/fgprof v0.9.5 h1:8+vR6yu2vvSKn08urWyEuxx75NWPEvybbkBirEpsbVY=
github.com/felixge/fgprof v0.9.5/go.mod h1:yKl+ERSa++RYOs32d8K6WEXCB4uXdLls4ZaZPpayhMM=
github.com/felixge/httpsnoop v1.1.0 h1:3YtUj32ZZkqZtt3sZZsClsymw/QDuVfpNhoA31zeORc=
github.com/felixge/httpsnoop v1.1.0/go.mod h1:Zqxgdd+1Rkcz8euOqdr7lqgCRJztwr5hp9vDSi5UZCE=
github.com/frankban/quicktest v1.14.4/go.mod h1:4ptaffx2x8+WTWXmUCuVU6aPUX1/Mz7zb5vbUoiM6w0=
github.com/getsentry/sentry-go v0.49.0 h1:Ehejknu1l023Ub7QoRBVLAI7g3Jnhqku4oWx4B4Sh5s=
github.com/getsentry/sentry-go v0.49.0/go.mod h1:nuMJAoCfe1u0Bts2ocyNI+TW8HT84vRMqwA5Qq/SKUI=
github.com/go-errors/errors v1.4.2 h1:J6MZopCL4uSllY1OfXM374weqZFFItUbrImctkmUxIA=
github.com/go-errors/errors v1.4.2/go.mod h1:sIVyrIiJhuEF+Pj9Ebtd6P/rEYROXFi3BopGUQ5a5Og=
github.com/go-jose/go-jose/v4 v4.1.5 h1:RjgjO2LOtWOJKUC5wpwY9LR3B3vwVAz6JS2YHfYU6eA=
github.com/go-jose/go-jose/v4 v4.1.5/go.mod h1:x4oUasVrzR7071A4TnHLGSPpNOm2a21K9Kf04k1rs08=
github.com/go-logr/logr v1.2.2/go.mod h1:jdQByPbusPIv2/zmleS9BjJVeZ6kBagPoEUsqbVz/1A=
github.com/go-logr/logr v1.4.4 h1:tG4xh9yMsRCAiodLVTxyrkzSZ9+o0L1Kg/+cPVcbP/8=
github.com/go-logr/logr v1.4.4/go.mod h1:9T104GzyrTigFIr8wt5mBrctHMim0Nb2HLGrmQ40KvY=
github.com/go-logr/stdr v1.2.2 h1:hSWxHoqTgW2S2qGc0LTAI563KZ5YKYRhT3MFKZMbjag=
github.com/go-logr/stdr v1.2.2/go.mod h1:mMo/vtBO5dYbehREoey6XUKy/eSumjCCveDpRre4VKE=
github.com/go-ole/go-ole v1.3.0 h1:Dt6ye7+vXGIKZ7Xtk4s6/xVdGDQynvom7xCFEdWr6uE=
github.com/go-ole/go-ole v1.3.0/go.mod h1:5LS6F96DhAwUc7C+1HLexzMXY1xGRSryjyPPKW6zv78=
github.com/gobwas/httphead v0.1.0/go.mod h1:O/RXo79gxV8G+RqlR/otEwx4Q36zl9rqC5u12GKvMCM=
github.com/gobwas/pool v0.2.1/go.mod h1:q8bcK0KcYlCgd9e7WYLm9LpyS+YeLd8JVDW6WezmKEw=
github.com/gobwas/ws v1.2.1/go.mod h1:hRKAFb8wOxFROYNsT1bqfWnhX+b5MFeJM9r2ZSwg/KY=
github.com/gogo/protobuf v1.3.2 h1:Ov1cvc58UF3b5XjBnZv7+opcTcQFZebYjWzi34vdm4Q=
github.com/gogo/protobuf v1.3.2/go.mod h1:P1XiOD3dCwIKUDQYPy72D8LYyHL2YPYrpS2s69NZV8Q=
github.com/golang-jwt/jwt/v5 v5.3.1 h1:kYf81DTWFe7t+1VvL7eS+jKFVWaUnK9cB1qbwn63YCY=
github.com/golang-jwt/jwt/v5 v5.3.1/go.mod h1:fxCRLWMO43lRc8nhHWY6LGqRcf+1gQWArsqaEUEa5bE=
github.com/golang/protobuf v1.5.4 h1:i7eJL8qZTpSEXOPTxNKhASYpMn+8e5Q6AdndVa1dWek=
github.com/golang/protobuf v1.5.4/go.mod h1:lnTiLA8Wa4RWRcIUkrtSVa5nRhsEGBg48fD6rSs7xps=
github.com/golang/snappy v1.0.0 h1:Oy607GVXHs7RtbggtPBnr2RmDArIsAefDwvrdWvRhGs=
github.com/golang/snappy v1.0.0/go.mod h1:/XxbfmMg8lxefKM7IXC3fBNl/7bRcc72aCRzEWrmP2Q=
github.com/google/go-cmp v0.5.9/go.mod h1:17dUlkBOakJ0+DkrSSNjCkIjxS6bF9zb3elmeNGIjoY=
github.com/google/go-cmp v0.7.0 h1:wk8382ETsv4JYUZwIsn6YpYiWiBsYLSJiTsyBybVuN8=
github.com/google/go-cmp v0.7.0/go.mod h1:pXiqmnSA92OHEEa9HXL2W4E7lf9JzCmGVUdgjX3N/iU=
github.com/google/martian/v3 v3.3.3 h1:DIhPTQrbPkgs2yJYdXU/eNACCG5DVQjySNRNlflZ9Fc=
github.com/google/martian/v3 v3.3.3/go.mod h1:iEPrYcgCF7jA9OtScMFQyAlZZ4YXTKEtJ1E6RWzmBA0=
github.com/google/pprof v0.0.0-20211214055906-6f57359322fd/go.mod h1:KgnwoLYCZ8IQu3XUZ8Nc/bM9CCZFOyjUNOSygVozoDg=
github.com/google/pprof v0.0.0-20240227163752-401108e1b7e7/go.mod h1:czg5+yv1E0ZGTi6S6vVK1mke0fV+FaUhNGcd6VRS9Ik=
github.com/google/pprof v0.0.0-20260906184651-6331bc6350fe h1:QAinXoAFJdGQYztXn3VpFey7KCwpedbZ/EkzbplQ0cY=
github.com/google/pprof v0.0.0-20260906184651-6331bc6350fe/go.mod h1:jl5iWTm0/hd5PjEYEOuwAJ57L/CibdZfrqZ5XA5GrCk=
github.com/google/s2a-go v0.1.9 h1:LGD7gtMgezd8a/Xak7mEWL0PjoTQFvpRudN895yqKW0=
github.com/google/s2a-go v0.1.9/go.mod h1:YA0Ei2ZQL3acow2O62kdp9UlnvMmU7kA6Eutn0dXayM=
github.com/google/uuid v1.6.0 h1:NIvaJDMOsjHA8n1jAhLSgzrAzy1Hgr+hNrb57e+94F0=
github.com/google/uuid v1.6.0/go.mod h1:TIyPZe4MgqvfeYDBFedMoGGpEw/LqOeaOT+nhxU+yHo=
github.com/googleapis/enterprise-certificate-proxy v0.3.21 h1:OFdQ3tnCX/zaQ0Cedur3D3z7kI6HiLX9g3TiAN4/DFU=
github.com/googleapis/enterprise-certificate-proxy v0.3.21/go.mod h1:L3D/IQExI6LqEjBdXcZQ1WluSgigQmSwBboFstVPM4w=
github.com/googleapis/gax-go/v2 v2.24.1 h1:AtqTN21IXMMWo99LiEVAiBfNNQmO40d8xUfZI640mc0=
github.com/googleapis/gax-go/v2 v2.24.1/go.mod h1:bWeBei0NVwaNZKb2y1HUBS7gLXIF3/Tu3pq7j8D2Tb0=
github.com/hashicorp/golang-lru/v2 v2.0.7 h1:a+bsQ5rvGLjzHuww6tVxozPZFVghXaHOwFs4luLUK2k=
github.com/hashicorp/golang-lru/v2 v2.0.7/go.mod h1:QeFd9opnmA6QUJc5vARoKUSoFhyfM2/ZepoAG6RGpeM=
github.com/ianlancetaylor/demangle v0.0.0-20210905161508-09a460cdf81d/go.mod h1:aYm2/VgdVmcIU8iMfdMvDMsRAQjcfZSKFby6HOFvi/w=
github.com/ianlancetaylor/demangle v0.0.0-20230524184225-eabc099b10ab/go.mod h1:gx7rwoVhcfuVKG5uya9Hs3Sxj7EIvldVofAWIUtGouw=
github.com/inconshreveable/mousetrap v1.1.0 h1:wN+x4NVGpMsO7ErUn/mUI3vEoE6Jt13X2s0bqwp9tc8=
github.com/inconshreveable/mousetrap v1.1.0/go.mod h1:vpF70FUmC8bwa3OWnCshd2FqLfsEA9PFc4w1p2J65bw=
github.com/itchyny/gojq v0.12.19 h1:ttXA0XCLEMoaLOz5lSeFOZ6u6Q3QxmG46vfgI4O0DEs=
github.com/itchyny/gojq v0.12.19/go.mod h1:5galtVPDywX8SPSOrqjGxkBeDhSxEW1gSxoy7tn1iZY=
github.com/itchyny/timefmt-go v0.1.8 h1:1YEo1JvfXeAHKdjelbYr/uCuhkybaHCeTkH8Bo791OI=
github.com/itchyny/timefmt-go v0.1.8/go.mod h1:5E46Q+zj7vbTgWY8o5YkMeYb4I6GeWLFnetPy5oBrAI=
github.com/josharian/intern v1.0.0/go.mod h1:5DoeVV0s6jJacbCEi61lwdGj/aVlrQvzHFFd8Hwg//Y=
github.com/keybase/go-keychain v0.0.1 h1:way+bWYa6lDppZoZcgMbYsvC7GxljxrskdNInRtuthU=
github.com/keybase/go-keychain v0.0.1/go.mod h1:PdEILRW3i9D8JcdM+FmY6RwkHGnhHxXwkPPMeUgOK1k=
github.com/kisielk/errcheck v1.5.0/go.mod h1:pFxgyoBC7bSaBwPgfKdkLd5X25qrDl4LWUI2bnpBCr8=
github.com/kisielk/gotool v1.0.0/go.mod h1:XhKaO+MFFWcvkIS/tQcRk01m1F5IRFswLeQ+oQHNcck=
github.com/klauspost/compress v1.20.0 h1:a3C1ke2ohxFymNlb2HWAHjDeKCI90scRskErZkR0ezA=
github.com/klauspost/compress v1.20.0/go.mod h1:LUdAzn7YLVvxLpc7y3V1m40wESHTgc1422pwwBSKYuI=
github.com/klauspost/cpuid/v2 v2.0.1/go.mod h1:FInQzS24/EEf25PyTYn52gqo7WaD8xa0213Md/qVLRg=
github.com/klauspost/cpuid/v2 v2.4.0 h1:S6Hrbc7+ywsr0r+RLapfGBHfyefhCTwEh3A0tV913Dw=
github.com/klauspost/cpuid/v2 v2.4.0/go.mod h1:19jmZ9mjzoF//ddRSUsv0zfBTJWh3QJh9FNxZTMrGxU=
github.com/klauspost/crc32 v1.3.0 h1:sSmTt3gUt81RP655XGZPElI0PelVTZ6YwCRnPSupoFM=
github.com/klauspost/crc32 v1.3.0/go.mod h1:D7kQaZhnkX/Y0tstFGf8VUzv2UofNGqCjnC3zdHB0Hw=
github.com/kr/fs v0.1.0 h1:Jskdu9ieNAYnjxsi0LbQp1ulIKZV1LAFgK1tWhpZgl8=
github.com/kr/fs v0.1.0/go.mod h1:FFnZGqtBN9Gxj7eW1uZ42v5BccTP0vu6NEaFoC2HwRg=
github.com/kr/pretty v0.1.0/go.mod h1:dAy3ld7l9f0ibDNOQOHHMYYIIbhfbHSm3C4ZsoJORNo=
github.com/kr/pretty v0.3.0/go.mod h1:640gp4NfQd8pI5XOwp5fnNeVWj67G7CFk/SaSQn7NBk=
github.com/kr/pretty v0.3.1 h1:flRD4NNwYAUpkphVc1HcthR4KEIFJ65n8Mw5qdRn3LE=
github.com/kr/pretty v0.3.1/go.mod h1:hoEshYVHaxMs3cyo3Yncou5ZscifuDolrwPKZanG3xk=
github.com/kr/pty v1.1.1/go.mod h1:pFQYn66WHrOpPYNljwOMqo10TkYh1fy3cYio2l3bCsQ=
github.com/kr/text v0.1.0/go.mod h1:4Jbv+DJW3UT/LiOwJeYQe1efqtUx/iVham/4vfdArNI=
github.com/kr/text v0.2.0 h1:5Nx0Ya0ZqY2ygV366QzturHI13Jq95ApcVaJBhpS+AY=
github.com/kr/text v0.2.0/go.mod h1:eLer722TekiGuMkidMxC/pM04lWEeraHUUmBw8l2grE=
github.com/kylelemons/godebug v1.1.0 h1:RPNrshWIDI6G2gRW9EHilWtl7Z6Sb1BR0xunSBf0SNc=
github.com/kylelemons/godebug v1.1.0/go.mod h1:9/0rRGxNHcop5bhtWyNeEfOS8JIWk580+fNqagV/RAw=
github.com/ledongthuc/pdf v0.0.0-20220302134840-0c2507a12d80/go.mod h1:imJHygn/1yfhB7XSJJKlFZKl/J+dCPAknuiaGOshXAs=
github.com/mailru/easyjson v0.7.7/go.mod h1:xzfreul335JAWq5oZzymOObrkdz5UnU4kGfJJLY9Nlc=
github.com/miekg/dns v1.1.54/go.mod h1:uInx36IzPl7FYnDcMeVWxj9byh7DutNykX4G9Sj60FY=
github.com/minio/crc64nvme v1.1.1 h1:8dwx/Pz49suywbO+auHCBpCtlW1OfpcLN7wYgVR6wAI=
github.com/minio/crc64nvme v1.1.1/go.mod h1:eVfm2fAzLlxMdUGc0EEBGSMmPwmXD5XiNRpnu9J3bvg=
github.com/minio/md5-simd v1.1.2 h1:Gdi1DZK69+ZVMoNHRXJyNcxrMA4dSxoYHZSQbirFg34=
github.com/minio/md5-simd v1.1.2/go.mod h1:MzdKDxYpY2BT9XQFocsiZf/NKVtR7nkE4RoEpN+20RM=
github.com/minio/minio-go/v7 v7.3.0 h1:HM4pFCSQq/TK+j0/zmorSh5ddh81iDgRgU0BG0Vz/YU=
github.com/minio/minio-go/v7 v7.3.0/go.mod h1:KUPWdecEO1LWyUz+sTGXAuf2jZHrPh5fCsRH86QbPfk=
github.com/munnerz/goautoneg v0.0.0-20191010083416-a7dc8b61c822 h1:C3w9PqII01/Oq1c1nUAm88MOHcQC9l5mIlSMApZMrHA=
github.com/munnerz/goautoneg v0.0.0-20191010083416-a7dc8b61c822/go.mod h1:+n7T8mK8HuQTcFwEeznm/DIxMOiR9yIdICNftLE1DvQ=
github.com/ncw/swift/v2 v2.0.5 h1:9o5Gsd7bInAFEqsGPcaUdsboMbqf8lnNtxqWKFT9iz8=
github.com/ncw/swift/v2 v2.0.5/go.mod h1:cbAO76/ZwcFrFlHdXPjaqWZ9R7Hdar7HpjRXBfbjigk=
github.com/oklog/run v1.1.0/go.mod h1:sVPdnTZT1zYwAJeCMu2Th4T21pA3FPOQRfWjQlk7DVU=
github.com/orisano/pixelmatch v0.0.0-20220722002657-fb0b55479cde/go.mod h1:nZgzbfBr3hhjoZnS66nKrHmduYNpc34ny7RK4z5/HM0=
github.com/otuschhoff/cwalk v0.0.0-20260815164352-9b009e22a463 h1:L2hm93v5hyuSmDviGZDbNdkSeFAJyI8KWrSBJw2WXUw=
github.com/otuschhoff/cwalk v0.0.0-20260815164352-9b009e22a463/go.mod h1:PdS6aqI3PoJ5DZmAQN41X0xHVbHUyK8WJMxF/95UvLU=
github.com/otuschhoff/pathdiff v0.0.0-20260906012451-6c092b832e20 h1:VGZBUVtZJmNiIKio1cG9opwpeWsSmoxX4OZOvWuKp4A=
github.com/otuschhoff/pathdiff v0.0.0-20260906012451-6c092b832e20/go.mod h1:4xIN0AzRp/g7YQG6w8FKKv13u7U41t9WzJlEJyOpSmc=
github.com/pelletier/go-toml v1.9.5/go.mod h1:u1nR/EPcESfeI/szUZKdtJ0xRNbUoANCkoOuaOx1Y+c=
github.com/peterbourgon/ff/v3 v3.3.1/go.mod h1:zjJVUhx+twciwfDl0zBcFzl4dW8axCRyXE/eKY9RztQ=
github.com/peterbourgon/unixtransport v0.0.7 h1:HhN7nydIDwlXWFzB6mbzQLcl46UdZLHrmF2lFfAgvnY=
github.com/peterbourgon/unixtransport v0.0.7/go.mod h1:o8aUkOCa8W/BIXpi15uKvbSabjtBh0JhSOJGSfoOhAU=
github.com/philhofer/fwd v1.2.0 h1:e6DnBTl7vGY+Gz322/ASL4Gyp1FspeMvx1RNDoToZuM=
github.com/philhofer/fwd v1.2.0/go.mod h1:RqIHx9QI14HlwKwm98g9Re5prTQ6LdeRQn+gXJFxsJM=
github.com/pingcap/errors v0.11.4 h1:lFuQV/oaUMGcD2tqt+01ROSmJs75VG1ToEOkZIZ4nE4=
github.com/pingcap/errors v0.11.4/go.mod h1:Oi8TUi2kEtXXLMJk9l1cGmz20kV3TaQ0usTwv5KuLY8=
github.com/pkg/browser v0.0.0-20240102092130-5ac0b6a4141c h1:+mdjkGKdHQG3305AYmdv1U2eRNDiU2ErMBj1gwrq8eQ=
github.com/pkg/browser v0.0.0-20240102092130-5ac0b6a4141c/go.mod h1:7rwL4CYBLnjLxUqIJNnCWiEdr3bn6IUYi15bNlnbCCU=
github.com/pkg/diff v0.0.0-20210226163009-20ebb0f2a09e/go.mod h1:pJLUxLENpZxwdsKMEsNbx1VGcRFpLqf3715MtcvvzbA=
github.com/pkg/errors v0.9.1 h1:FEBLx1zS214owpjy7qsBeixbURkuhQAwrK5UwLGTwt4=
github.com/pkg/errors v0.9.1/go.mod h1:bwawxfHBFNV+L2hUp1rHADufV3IMtnDRdf1r5NINEl0=
github.com/pkg/profile v1.7.0 h1:hnbDkaNWPCLMO9wGLdBFTIZvzDrDfBM2072E1S9gJkA=
github.com/pkg/profile v1.7.0/go.mod h1:8Uer0jas47ZQMJ7VD+OHknK4YDY07LPUC6dEvqDjvNo=
github.com/pkg/sftp v1.13.11 h1:0N92SLTB8JqASJB14ZLHHzFnBV8mG9zw4K7jghEFWuE=
github.com/pkg/sftp v1.13.11/go.mod h1:uNkH9roSXglNJqM+glJJi+TQXQUm0fXFWqCFmT8hsN0=
github.com/pkg/xattr v0.4.12 h1:rRTkSyFNTRElv6pkA3zpjHpQ90p/OdHQC1GmGh1aTjM=
github.com/pkg/xattr v0.4.12/go.mod h1:di8WF84zAKk8jzR1UBTEWh9AUlIZZ7M/JNt8e9B6ktU=
github.com/planetscale/vtprotobuf v0.6.1-0.20240319094008-0393e58bdf10 h1:GFCKgmp0tecUJ0sJuv4pzYCqS9+RGSn52M3FUwPs+uo=
github.com/planetscale/vtprotobuf v0.6.1-0.20240319094008-0393e58bdf10/go.mod h1:t/avpk3KcrXxUnYOhZhMXJlSEyie6gQbtLq5NM3loB8=
github.com/pmezard/go-difflib v1.0.0/go.mod h1:iKH77koFhYxTK1pcRnkKkqfTogsbg7gZNVY4sRDYZ/4=
github.com/pmezard/go-difflib v1.0.1-0.20181226105442-5d4384ee4fb2 h1:Jamvg5psRIccs7FGNTlIRMkT8wgtp5eCXdBlqhYGL6U=
github.com/pmezard/go-difflib v1.0.1-0.20181226105442-5d4384ee4fb2/go.mod h1:iKH77koFhYxTK1pcRnkKkqfTogsbg7gZNVY4sRDYZ/4=
github.com/prashantv/gostub v1.1.0 h1:BTyx3RfQjRHnUWaGF9oQos79AlQ5k8WNktv7VGvVH4g=
github.com/prashantv/gostub v1.1.0/go.mod h1:A5zLQHz7ieHGG7is6LLXLz7I8+3LZzsrV0P1IAHhP5U=
github.com/prometheus/client_golang v1.24.1 h1:JnJkREXzWxUdCuPFpIWZiPispT9xVV59uiuyR2bPlnU=
github.com/prometheus/client_golang v1.24.1/go.mod h1:F+oSRECHg4sse5ucfYpYDeIv/hu68Zo0uoHKetWnzcE=
github.com/prometheus/client_model v0.6.3 h1:O0jaTVAYNxTHYInEPFJt5I3+sN8zqBtVMPTB1qyxiEo=
github.com/prometheus/client_model v0.6.3/go.mod h1:gpN5P9S7Rr6Yr92PiQ+Ixvhf6JZEkF1dnxsYL2aPBEM=
github.com/prometheus/common v0.71.0 h1:9KDAKb7Mj3HEVKyFCK6Dc/HIwlBzZIN2l7/lrHl3KK8=
github.com/prometheus/common v0.71.0/go.mod h1:CLJ5H8TEsGX8bl31BdMkfhIZ+QmZ9tBPPotUxUbfcmk=
github.com/prometheus/procfs v0.22.0 h1:6q9+/JL9IKAPbCmBrv9n5O5Ty3NKnciV5X7YGw0oics=
github.com/prometheus/procfs v0.22.0/go.mod h1:CvmFr/GVhIjIvWJZW3tgkODBQMRIf0EyWMQLHCHab58=
github.com/restic/chunker v0.5.0 h1:1y+ut0MBduzxODJ298rhQCtESoEpj8v1hTydZlKaE1Y=
github.com/restic/chunker v0.5.0/go.mod h1:z0cH2BejpW636LXw0R/BGyv+Ey8+m9QGiOanDHItzyw=
github.com/robertkrimen/godocdown v0.0.0-20130622164427-0bfa04905481/go.mod h1:C9WhFzY47SzYBIvzFqSvHIR6ROgDo4TtdTuRaOMjF/s=
github.com/rogpeppe/go-internal v1.6.1/go.mod h1:xXDCJY+GAPziupqXw64V24skbSoqbTEfhy4qGm1nDQc=
github.com/rogpeppe/go-internal v1.8.0/go.mod h1:WmiCO8CzOY8rg0OYDC4/i/2WRWAB6poM+XZ2dLUbcbE=
github.com/rogpeppe/go-internal v1.9.0/go.mod h1:WtVeX8xhTBvf0smdhujwtBcq4Qrzq/fJaraNFVN+nFs=
github.com/rogpeppe/go-internal v1.16.0 h1:O9DK+vNMDVGLr2BeZqmpLeMjiMNkuXfcqntWbZV6S5g=
github.com/rogpeppe/go-internal v1.16.0/go.mod h1:DrUVZyrJU+txYW5/1kwtXQSMFio52ZOxX7yM1VHvnxs=
github.com/rs/xid v1.6.0 h1:fV591PaemRlL6JfRxGDEPl69wICngIQ3shQtzfy2gxU=
github.com/rs/xid v1.6.0/go.mod h1:7XoLgs4eV+QndskICGsho+ADou8ySMSjJKDIan90Nz0=
github.com/russross/blackfriday/v2 v2.1.0 h1:JIOH55/0cWyOuilr9/qlrm0BSXldqnqwMsf35Ld67mk=
github.com/russross/blackfriday/v2 v2.1.0/go.mod h1:+Rmxgy9KzJVeS9/2gXHxylqXiyQDYRxCVz55jmeOWTM=
github.com/spf13/cobra v1.10.2 h1:DMTTonx5m65Ic0GOoRY2c16WCbHxOOw6xxezuLaBpcU=
github.com/spf13/cobra v1.10.2/go.mod h1:7C1pvHqHw5A4vrJfjNwvOdzYu0Gml16OCs2GRiTUUS4=
github.com/spf13/pflag v1.0.9/go.mod h1:McXfInJRrz4CZXVZOBLb0bTZqETkiAhM9Iw0y3An2Bg=
github.com/spf13/pflag v1.0.10 h1:4EBh2KAYBwaONj6b2Ye1GiHfwjqyROoF4RwYO+vPwFk=
github.com/spf13/pflag v1.0.10/go.mod h1:McXfInJRrz4CZXVZOBLb0bTZqETkiAhM9Iw0y3An2Bg=
github.com/spiffe/go-spiffe/v2 v2.8.1 h1:eXZMLsu+3MLEPJyGJkolqtVrteZfQdUpOWj6LTiDl/E=
github.com/spiffe/go-spiffe/v2 v2.8.1/go.mod h1:47Q0Q9/AqGha8QLHp+kxpH4Wca7X7EnOtlIJy3mxZ3U=
github.com/stephens2424/writerset v1.0.2/go.mod h1:aS2JhsMn6eA7e82oNmW4rfsgAOp9COBTTl8mzkwADnc=
github.com/stretchr/objx v0.1.0/go.mod h1:HFkY916IF+rwdDfMAkV7OtwuqBVzrE8GR6GFx+wExME=
github.com/stretchr/objx v0.4.0/go.mod h1:YvHI0jy2hoMjB+UWwv71VJQ9isScKT/TqJzVSSt89Yw=
github.com/stretchr/objx v0.5.0/go.mod h1:Yh+to48EsGEfYuaHDzXPcE3xhTkx73EhmCGUpEOglKo=
github.com/stretchr/objx v0.5.2/go.mod h1:FRsXN1f5AsAjCGJKqEizvkpNtU+EGNCLh3NxZ/8L+MA=
github.com/stretchr/testify v1.3.0/go.mod h1:M5WIy9Dh21IEIfnGCwXGc5bZfKNJtfHm1UVUgZn+9EI=
github.com/stretchr/testify v1.7.0/go.mod h1:6Fq8oRcR53rry900zMqJjRRixrwX3KX962/h/Wwjteg=
github.com/stretchr/testify v1.7.1/go.mod h1:6Fq8oRcR53rry900zMqJjRRixrwX3KX962/h/Wwjteg=
github.com/stretchr/testify v1.8.0/go.mod h1:yNjHg4UonilssWZ8iaSj1OCr/vHnekPRkoO+kdMU+MU=
github.com/stretchr/testify v1.8.1/go.mod h1:w2LPCIKwWwSfY2zedu0+kehJoqGctiVI29o6fzry7u4=
github.com/stretchr/testify v1.8.4/go.mod h1:sz/lmYIOXD/1dqDmKjjqLyZ2RngseejIcXlSw2iwfAo=
github.com/stretchr/testify v1.11.1/go.mod h1:wZwfW3scLgRK+23gO65QZefKpKQRnfz6sD981Nm4B6U=
github.com/stretchr/testify v1.12.1 h1:EuwCh5fleGS7H32xRwO3wRGT7DxrDhLAT6FF8MpWDWE=
github.com/stretchr/testify v1.12.1/go.mod h1:MDEgiDPPsNp5cuIrHPPCyornHKgEVbtFUmoNlxoYthg=
github.com/tinylib/msgp v1.6.4 h1:mOwYbyYDLPj35mkA2BjjYejgJk9BuHxDdvRnb6v2ZcQ=
github.com/tinylib/msgp v1.6.4/go.mod h1:RSp0LW9oSxFut3KzESt5Voq4GVWyS+PSulT77roAqEA=
github.com/tv42/httpunix v0.0.0-20191220191345-2ba4b9c3382c h1:u6SKchux2yDvFQnDHS3lPnIRmfVJ5Sxy3ao2SIdysLQ=
github.com/tv42/httpunix v0.0.0-20191220191345-2ba4b9c3382c/go.mod h1:hzIxponao9Kjc7aWznkXaL4U4TWaDSs8zcsY4Ka08nM=
github.com/yuin/goldmark v1.1.27/go.mod h1:3hX8gzYuyVAZsxl0MRgGTJEmQBFcNTphYh9decYSb74=
github.com/yuin/goldmark v1.2.1/go.mod h1:3hX8gzYuyVAZsxl0MRgGTJEmQBFcNTphYh9decYSb74=
github.com/yuin/goldmark v1.4.1/go.mod h1:mwnBkeHKe2W/ZEtQ+71ViKU8L12m81fl3OWwC1Zlc8k=
github.com/yuin/goldmark v1.4.13/go.mod h1:6yULJ656Px+3vBD8DxQVa3kxgyrAnzto9xy5taEt/CY=
github.com/zeebo/assert v1.3.0 h1:g7C04CbJuIDKNPFHmsk4hwZDO5O+kntRxzaUoNXj+IQ=
github.com/zeebo/assert v1.3.0/go.mod h1:Pq9JiuJQpG8JLJdtkwrJESF0Foym2/D9XMU5ciN/wJ0=
github.com/zeebo/xxh3 v1.1.0 h1:s7DLGDK45Dyfg7++yxI0khrfwq9661w9EN78eP/UZVs=
github.com/zeebo/xxh3 v1.1.0/go.mod h1:IisAie1LELR4xhVinxWS5+zf1lA4p0MW4T+w+W07F5s=
go.opentelemetry.io/auto/sdk v1.2.1 h1:jXsnJ4Lmnqd11kwkBV2LgLoFMZKizbCi5fNZ/ipaZ64=
go.opentelemetry.io/auto/sdk v1.2.1/go.mod h1:KRTj+aOaElaLi+wW1kO/DZRXwkF4C5xPbEe3ZiIhN7Y=
go.opentelemetry.io/contrib/detectors/gcp v1.46.0 h1:PI8dGkqDaQkwJ8kOopqMhDTbrnK3UIeG/RCHH4HErbo=
go.opentelemetry.io/contrib/detectors/gcp v1.46.0/go.mod h1:nsrN5c/sOLoY2vsPxN/rQ0V0nvGrWJCqcW4UXLtqNG8=
go.opentelemetry.io/contrib/instrumentation/google.golang.org/grpc/otelgrpc v0.71.0 h1:B2h3uqicet1CT2N5TOFhS+Gq++9i0/CLmaxvhmhtP5s=
go.opentelemetry.io/contrib/instrumentation/google.golang.org/grpc/otelgrpc v0.71.0/go.mod h1:dylvB+ZiiwMvsDij9O84Uy7SijLgHMX4mbkncds+4Sw=
go.opentelemetry.io/contrib/instrumentation/net/http/otelhttp v0.71.0 h1:3g7B90UzBltIDKq1/5mrTGxTnOFDV0ICOhLoxiZ8jlg=
go.opentelemetry.io/contrib/instrumentation/net/http/otelhttp v0.71.0/go.mod h1:Ef8SuTh59BT7+ofpDxN9z+yOlc4t2GjLmKDgYNJL/NU=
go.opentelemetry.io/otel v1.46.0 h1:FHt5/CDyVxi/8IM1CH7VE/rRgq3kLHa2mSTVMO8AWyc=
go.opentelemetry.io/otel v1.46.0/go.mod h1:Gj3SEScelsNC45tp4nSxRYlS+f5iez7W8XPMCt905kE=
go.opentelemetry.io/otel/exporters/stdout/stdoutmetric v1.44.0 h1:hqxVTu/GtBF+vJ8d1fzW7fRxZFvgoDjWcxwwCaFDYpU=
go.opentelemetry.io/otel/exporters/stdout/stdoutmetric v1.44.0/go.mod h1:z5fVEF4X5v0ESvlJqBrrFlBVoj5EQuefZpzsu7R+x5Q=
go.opentelemetry.io/otel/metric v1.46.0 h1:yBnkXvgV7AXFILZc5K6IZe/CBFF3OS7BJ8ov6/lj0K8=
go.opentelemetry.io/otel/metric v1.46.0/go.mod h1:iPmdWqifKUdzziPkvvzIJXITl56fQx2mGM/DHLB3/2o=
go.opentelemetry.io/otel/metric/x v0.68.0 h1:TA/cBT23D3MnxYPwHL7YFOdYGdx0A0v+s7Mzotpd1dU=
go.opentelemetry.io/otel/metric/x v0.68.0/go.mod h1:agudOmvWhwUTjgibWDzxD2PoWYnpw5Ht5jISYOD2Hd4=
go.opentelemetry.io/otel/sdk v1.46.0 h1:h5CNQQjEbuQXY/JfZtgt3i7HVFV3aHPO2OAwO2eTYPI=
go.opentelemetry.io/otel/sdk v1.46.0/go.mod h1:GAERFXFt5SYCEB+YiKUbMBeza6UaDH7GmGOZEfh2gSM=
go.opentelemetry.io/otel/sdk/metric v1.46.0 h1:0piZ26EG4RBfebb2jhDH6ERCYHoVWduc3kLgPCwSnSE=
go.opentelemetry.io/otel/sdk/metric v1.46.0/go.mod h1:I1PbKrdVc8Qu8HYVDNtqVIwLwjNrhsV/uFuxfwg8mO4=
go.opentelemetry.io/otel/trace v1.46.0 h1:OULy7ccdJnZtJ0UDYFOIGaCmiWzJ8Vi2G/Rsu60qs1c=
go.opentelemetry.io/otel/trace v1.46.0/go.mod h1:J7GAXweO77XSFkB/rmAqk9D6ihszhFjLU+d9WuUxDLI=
go.uber.org/automaxprocs v1.6.0 h1:O3y2/QNTOdbF+e/dpXNNW7Rx2hZ4sTIPyybbxyNqTUs=
go.uber.org/automaxprocs v1.6.0/go.mod h1:ifeIMSnPZuznNm6jmdzmU3/bfk01Fe2fotchwEFJ8r8=
go.uber.org/goleak v1.3.0 h1:2K3zAYmnTNqV73imy9J1T3WC+gmCePx2hEGkimedGto=
go.uber.org/goleak v1.3.0/go.mod h1:CoHD4mav9JJNrW/WLlf7HGZPjdw8EucARQHekz1X6bE=
go.yaml.in/yaml/v2 v2.4.4 h1:tuyd0P+2Ont/d6e2rl3be67goVK4R6deVxCUX5vyPaQ=
go.yaml.in/yaml/v2 v2.4.4/go.mod h1:gMZqIpDtDqOfM0uNfy0SkpRhvUryYH0Z6wdMYcacYXQ=
go.yaml.in/yaml/v3 v3.0.4/go.mod h1:DhzuOOF2ATzADvBadXxruRBLzYTpT36CKvDb3+aBEFg=
go.yaml.in/yaml/v3 v3.0.5 h1:N6y/pJk8buWs9NY5ERU2HSMfm+IuD/OtfdAnq6kESPw=
go.yaml.in/yaml/v3 v3.0.5/go.mod h1:HVTZu1O7/Vkt2N+BFy8Zza+lnLsABggaTM2ZpNIGuKg=
golang.org/x/crypto v0.0.0-20190308221718-c2843e01d9a2/go.mod h1:djNgcEr1/C05ACkg1iLfiJU5Ep61QUkGW8qpdssI0+w=
golang.org/x/crypto v0.0.0-20191011191535-87dc89f01550/go.mod h1:yigFU9vqHzYiE8UmvKecakEJjdnWj3jj499lnFckfCI=
golang.org/x/crypto v0.0.0-20200622213623-75b288015ac9/go.mod h1:LzIPMQfyMNhhGPhUkYOs5KpL4U8rLKemX1yGLhDgUto=
golang.org/x/crypto v0.0.0-20210921155107-089bfa567519/go.mod h1:GvvjBRRGRdwPK5ydBHafDWAxML/pGHZbMvKqRZ5+Abc=
golang.org/x/crypto v0.56.0 h1:GUh5Ii4J5jtcseSMiRqr1jXCNHoxjeV9Fmekc2oLy6Y=
golang.org/x/crypto v0.56.0/go.mod h1:OMW5y6CY9l38uPLmxU6l6pwcXp1obtLo3e6gT7gQR2I=
golang.org/x/exp v0.0.0-20220428152302-39d4317da171/go.mod h1:lgLbSvA5ygNOMpwM/9anMpWVlVJ7Z+cHWq/eFuinpGE=
golang.org/x/exp v0.0.0-20260824195058-e88cd73687aa h1:QSyA8ishJCyT21kER9KwNt0b7BM3iRK4x9QXhjN5Fdk=
golang.org/x/exp v0.0.0-20260824195058-e88cd73687aa/go.mod h1:zeBbvyFKDaLwa7CH/zI8KXt7gTl14SF7sO08Pl5jBCM=
golang.org/x/mod v0.2.0/go.mod h1:s0Qsj1ACt9ePp/hMypM3fl4fZqREWJwdYDEqhRiZZUA=
golang.org/x/mod v0.3.0/go.mod h1:s0Qsj1ACt9ePp/hMypM3fl4fZqREWJwdYDEqhRiZZUA=
golang.org/x/mod v0.5.1/go.mod h1:5OXOZSfqPIIbmVBIIKWRFfZjPR0E5r58TLhUjH0a2Ro=
golang.org/x/mod v0.6.0-dev.0.20211013180041-c96bc1413d57/go.mod h1:3p9vT2HGsQu2K1YbXdKPJLVgG5VJdoTa1poYQBtP1AY=
golang.org/x/mod v0.6.0-dev.0.20220419223038-86c51ed26bb4/go.mod h1:jJ57K6gSWd91VN4djpZkiMVwK6gcyfeH4XE8wZrZaV4=
golang.org/x/mod v0.7.0/go.mod h1:iBbtSCu2XBx23ZKBPSOrRkjjQPZFPuis4dIYUhu/chs=
golang.org/x/net v0.0.0-20190404232315-eb5bcb51f2a3/go.mod h1:t9HGtf8HONx5eT2rtn7q6eTqICYqUVnKs3thJo3Qplg=
golang.org/x/net v0.0.0-20190620200207-3b0461eec859/go.mod h1:z5CRVTTTmAJ677TzLLGU+0bjPO0LkuOLi4/5GtJWs/s=
golang.org/x/net v0.0.0-20200226121028-0de0cce0169b/go.mod h1:z5CRVTTTmAJ677TzLLGU+0bjPO0LkuOLi4/5GtJWs/s=
golang.org/x/net v0.0.0-20201021035429-f5854403a974/go.mod h1:sp8m0HH+o8qH0wwXwYZr8TS3Oi6o0r6Gce1SSxlDquU=
golang.org/x/net v0.0.0-20210226172049-e18ecbb05110/go.mod h1:m0MpNAwzfU5UDzcl9v0D8zg8gWTRqZa9RBIspLL5mdg=
golang.org/x/net v0.0.0-20211015210444-4f30a5c0130f/go.mod h1:9nx3DQGgdP8bBQD5qxJ1jj9UTztislL4KSBs9R2vV5Y=
golang.org/x/net v0.0.0-20220722155237-a158d28d115b/go.mod h1:XRhObCWvk6IyKnWLug+ECip1KBveYUHfp+8e9klMJ9c=
golang.org/x/net v0.2.0/go.mod h1:KqCZLdyyvdV855qA2rE3GC2aiw5xGR5TEjj8smXukLY=
golang.org/x/net v0.58.0 h1:ynWG7rqYi4ccpTEuPZ2QGWHktVEM9DMCj9yzDE0Q7To=
golang.org/x/net v0.58.0/go.mod h1:YwCddHnFlT7eLQqVprV19OnhLGtc5xOKgE0RyqgfWAU=
golang.org/x/oauth2 v0.36.0 h1:peZ/1z27fi9hUOFCAZaHyrpWG5lwe0RJEEEeH0ThlIs=
golang.org/x/oauth2 v0.36.0/go.mod h1:YDBUJMTkDnJS+A4BP4eZBjCqtokkg1hODuPjwiGPO7Q=
golang.org/x/sync v0.0.0-20190423024810-112230192c58/go.mod h1:RxMgew5VJxzue5/jJTE5uejpjVlOe/izrB70Jof72aM=
golang.org/x/sync v0.0.0-20190911185100-cd5d95a43a6e/go.mod h1:RxMgew5VJxzue5/jJTE5uejpjVlOe/izrB70Jof72aM=
golang.org/x/sync v0.0.0-20201020160332-67f06af15bc9/go.mod h1:RxMgew5VJxzue5/jJTE5uejpjVlOe/izrB70Jof72aM=
golang.org/x/sync v0.0.0-20210220032951-036812b2e83c/go.mod h1:RxMgew5VJxzue5/jJTE5uejpjVlOe/izrB70Jof72aM=
golang.org/x/sync v0.0.0-20220722155255-886fb9371eb4/go.mod h1:RxMgew5VJxzue5/jJTE5uejpjVlOe/izrB70Jof72aM=
golang.org/x/sync v0.1.0/go.mod h1:RxMgew5VJxzue5/jJTE5uejpjVlOe/izrB70Jof72aM=
golang.org/x/sync v0.22.0 h1:SZjpbeLmrCk4xhRSZFNZW5gFUeCeFgjekvI/+gfScek=
golang.org/x/sync v0.22.0/go.mod h1:9xrNwdLfx4jkKbNva9FpL6vEN7evnE43NNNJQ2LF3+0=
golang.org/x/sys v0.0.0-20190215142949-d0b11bdaac8a/go.mod h1:STP8DvDyc/dI5b8T5hshtkjS+E42TnysNCUPdjciGhY=
golang.org/x/sys v0.0.0-20190412213103-97732733099d/go.mod h1:h1NjWce9XRLGQEsW7wpKNCjG9DtNlClVuFLEZdDNbEs=
golang.org/x/sys v0.0.0-20200930185726-fdedc70b468f/go.mod h1:h1NjWce9XRLGQEsW7wpKNCjG9DtNlClVuFLEZdDNbEs=
golang.org/x/sys v0.0.0-20201119102817-f84b799fce68/go.mod h1:h1NjWce9XRLGQEsW7wpKNCjG9DtNlClVuFLEZdDNbEs=
golang.org/x/sys v0.0.0-20210423082822-04245dca01da/go.mod h1:h1NjWce9XRLGQEsW7wpKNCjG9DtNlClVuFLEZdDNbEs=
golang.org/x/sys v0.0.0-20210615035016-665e8c7367d1/go.mod h1:oPkhp1MJrh7nUepCBck5+mAzfO9JrbApNNgaTdGDITg=
golang.org/x/sys v0.0.0-20211007075335-d3039528d8ac/go.mod h1:oPkhp1MJrh7nUepCBck5+mAzfO9JrbApNNgaTdGDITg=
golang.org/x/sys v0.0.0-20211019181941-9d821ace8654/go.mod h1:oPkhp1MJrh7nUepCBck5+mAzfO9JrbApNNgaTdGDITg=
golang.org/x/sys v0.0.0-20220310020820-b874c991c1a5/go.mod h1:oPkhp1MJrh7nUepCBck5+mAzfO9JrbApNNgaTdGDITg=
golang.org/x/sys v0.0.0-20220408201424-a24fb2fb8a0f/go.mod h1:oPkhp1MJrh7nUepCBck5+mAzfO9JrbApNNgaTdGDITg=
golang.org/x/sys v0.0.0-20220520151302-bc2c85ada10a/go.mod h1:oPkhp1MJrh7nUepCBck5+mAzfO9JrbApNNgaTdGDITg=
golang.org/x/sys v0.0.0-20220722155257-8c9f86f7a55f/go.mod h1:oPkhp1MJrh7nUepCBck5+mAzfO9JrbApNNgaTdGDITg=
golang.org/x/sys v0.1.0/go.mod h1:oPkhp1MJrh7nUepCBck5+mAzfO9JrbApNNgaTdGDITg=
golang.org/x/sys v0.2.0/go.mod h1:oPkhp1MJrh7nUepCBck5+mAzfO9JrbApNNgaTdGDITg=
golang.org/x/sys v0.6.0/go.mod h1:oPkhp1MJrh7nUepCBck5+mAzfO9JrbApNNgaTdGDITg=
golang.org/x/sys v0.10.0/go.mod h1:oPkhp1MJrh7nUepCBck5+mAzfO9JrbApNNgaTdGDITg=
golang.org/x/sys v0.47.0 h1:o7XGOvZQCADBQQ4Y7VNq2dRWQR7JmOUW8Kxx4ZsNgWs=
golang.org/x/sys v0.47.0/go.mod h1:4GL1E5IUh+htKOUEOaiffhrAeqysfVGipDYzABqnCmw=
golang.org/x/term v0.0.0-20201126162022-7de9c90e9dd1/go.mod h1:bj7SfCRtBDWHUb9snDiAeCFNEtKQo2Wmx5Cou7ajbmo=
golang.org/x/term v0.0.0-20210927222741-03fcf44c2211/go.mod h1:jbD1KX2456YbFQfuXm/mYQcufACuNUgVhRMnK/tPxf8=
golang.org/x/term v0.2.0/go.mod h1:TVmDHMZPmdnySmBfhjOoOdhjzdE1h4u1VwSiw2l1Nuc=
golang.org/x/term v0.45.0 h1:NwWyBmoJCbfTHpxrWoZ9C6/VxOf7ic219I8xZZFdrf0=
golang.org/x/term v0.45.0/go.mod h1:9aqxs0blBcrm/n0L9QW0aRVD+ktan8ssZromtqJC43w=
golang.org/x/text v0.3.0/go.mod h1:NqM8EUOU14njkJ3fqMW+pc6Ldnwhi/IjpwHt7yyuwOQ=
golang.org/x/text v0.3.3/go.mod h1:5Zoc/QRtKVWzQhOtBMvqHzDpF6irO9z98xDceosuGiQ=
golang.org/x/text v0.3.6/go.mod h1:5Zoc/QRtKVWzQhOtBMvqHzDpF6irO9z98xDceosuGiQ=
golang.org/x/text v0.3.7/go.mod h1:u+2+/6zg+i71rQMx5EYifcz6MCKuco9NR6JIITiCfzQ=
golang.org/x/text v0.4.0/go.mod h1:mrYo+phRRbMaCq/xk9113O4dZlRixOauAjOtrjsXDZ8=
golang.org/x/text v0.41.0 h1:vz/seA0lnX87Othu2f/0L24RcgrXD9/YFTSuGjj3rH8=
golang.org/x/text v0.41.0/go.mod h1:jvf1O8ajNzZqhSrQBPbutR/EB83Cc0CFrezNQIwbb5M=
golang.org/x/time v0.15.0 h1:bbrp8t3bGUeFOx08pvsMYRTCVSMk89u4tKbNOZbp88U=
golang.org/x/time v0.15.0/go.mod h1:Y4YMaQmXwGQZoFaVFk4YpCt4FLQMYKZe9oeV/f4MSno=
golang.org/x/tools v0.0.0-20180917221912-90fa682c2a6e/go.mod h1:n7NCudcB/nEzxVGmLbDWY5pfWTLqBcC2KZ6jyYvM4mQ=
golang.org/x/tools v0.0.0-20191119224855-298f0cb1881e/go.mod h1:b+2E5dAYhXwXZwtnZ6UAqBI28+e2cm9otk0dWdXHAEo=
golang.org/x/tools v0.0.0-20200619180055-7c47624df98f/go.mod h1:EkVYQZoAsY45+roYkvgYkIh4xh/qjgUK9TdY2XT94GE=
golang.org/x/tools v0.0.0-20210106214847-113979e3529a/go.mod h1:emZCQorbCU4vsT4fOWvOPXz4eW1wZW4PmDk9uLelYpA=
golang.org/x/tools v0.1.8-0.20211029000441-d6a9af8af023/go.mod h1:nABZi5QlRsZVlzPpHl034qft6wpY4eDcsTt5AaioBiU=
golang.org/x/tools v0.1.12/go.mod h1:hNGJHUnrk76NpqgfD5Aqm5Crs+Hm0VOH/i9J2+nxYbc=
golang.org/x/tools v0.3.0/go.mod h1:/rWhSS2+zyEVwoJf8YAX6L2f0ntZ7Kn/mGgAWcipA5k=
golang.org/x/xerrors v0.0.0-20190717185122-a985d3407aa7/go.mod h1:I/5z698sn9Ka8TeJc9MKroUUfqBBauWjQqLJ2OPfmY0=
golang.org/x/xerrors v0.0.0-20191011141410-1b5146add898/go.mod h1:I/5z698sn9Ka8TeJc9MKroUUfqBBauWjQqLJ2OPfmY0=
golang.org/x/xerrors v0.0.0-20191204190536-9bdfabe68543/go.mod h1:I/5z698sn9Ka8TeJc9MKroUUfqBBauWjQqLJ2OPfmY0=
golang.org/x/xerrors v0.0.0-20200804184101-5ec99f83aff1/go.mod h1:I/5z698sn9Ka8TeJc9MKroUUfqBBauWjQqLJ2OPfmY0=
gonum.org/v1/gonum v0.17.0 h1:VbpOemQlsSMrYmn7T2OUvQ4dqxQXU+ouZFQsZOx50z4=
gonum.org/v1/gonum v0.17.0/go.mod h1:El3tOrEuMpv2UdMrbNlKEh9vd86bmQ6vqIcDwxEOc1E=
google.golang.org/api v0.297.0 h1:WktxTsnnx0yZNnsR6j0q6hR21RnnK81FHTOPy/ux4OE=
google.golang.org/api v0.297.0/go.mod h1:S4m8x0M6OkQpkOzGk1y9JG2sm4fFQrMh6dxzjCTszhE=
google.golang.org/genproto v0.0.0-20260904194346-d0f1323225a4 h1:6QRNo34FxJcE1LG6XfnmaQ17m6w21oXaKlKoBaF+UqE=
google.golang.org/genproto v0.0.0-20260904194346-d0f1323225a4/go.mod h1:eifJ91nefXnfP/bMkZsACVGm14ZtEL4eUXRLTryfbY4=
google.golang.org/genproto/googleapis/api v0.0.0-20260904194346-d0f1323225a4 h1:NCe/UiklGd/9xjT+ROBVhJ1kf6TRQaFedsR+z7u1gvo=
google.golang.org/genproto/googleapis/api v0.0.0-20260904194346-d0f1323225a4/go.mod h1:fJ2lYaWjqNknJyQBOCd0fA3HnEElJqGplH71a2txi+g=
google.golang.org/genproto/googleapis/rpc v0.0.0-20260904194346-d0f1323225a4 h1:5t+ZydAFj5kGVLrgCvLmpmCf9ylGRd64hpEronfRaws=
google.golang.org/genproto/googleapis/rpc v0.0.0-20260904194346-d0f1323225a4/go.mod h1:DjtHYE8FKJLivXcBEjGwndXfIC23G0VpXiXKqG179uA=
google.golang.org/grpc v1.83.2 h1:EManeRomTObA0BU7I8vXgg/78uE5MJ9M8B39EX2WscU=
google.golang.org/grpc v1.83.2/go.mod h1:YPI1hK3kDked6iHvgX3tR0y+nX/qpMFKhPgFsokw1S8=
google.golang.org/protobuf v1.36.12 h1:pJOKDDOyeXErUroCihFAd5LQuwXBSpVnKGrj5o/fwxc=
google.golang.org/protobuf v1.36.12/go.mod h1:HTf+CrKn2C3g5S8VImy6tdcUvCska2kB7j23XfzDpco=
gopkg.in/check.v1 v0.0.0-20161208181325-20d25e280405/go.mod h1:Co6ibVJAznAaIkqp8huTwlJQCZ016jof/cbN4VW5Yz0=
gopkg.in/check.v1 v1.0.0-20180628173108-788fd7840127/go.mod h1:Co6ibVJAznAaIkqp8huTwlJQCZ016jof/cbN4VW5Yz0=
gopkg.in/check.v1 v1.0.0-20190902080502-41f04d3bba15/go.mod h1:Co6ibVJAznAaIkqp8huTwlJQCZ016jof/cbN4VW5Yz0=
gopkg.in/errgo.v2 v2.1.0/go.mod h1:hNsd1EY+bozCKY1Ytp96fpM3vjJbqLJn88ws8XvfDNI=
gopkg.in/ini.v1 v1.67.3 h1:iM9Lhz5MRSGhHVGGwCuzG9KO8PoirCXj/m/qTmOJJQw=
gopkg.in/ini.v1 v1.67.3/go.mod h1:x/cyOwCgZqOkJoDIJ3c1KNHMo10+nLGAhh+kn3Zizss=
gopkg.in/yaml.v2 v2.4.0/go.mod h1:RDklbk79AGWmwhnvt/jBztapEOGDOx6ZbXqjP6csGnQ=
gopkg.in/yaml.v3 v3.0.0-20200313102051-9f266ea9e77c/go.mod h1:K4uyk7z7BCEPqu6E+C64Yfv1cQ7kz7rIZviUmN+EgEM=
gopkg.in/yaml.v3 v3.0.1/go.mod h1:K4uyk7z7BCEPqu6E+C64Yfv1cQ7kz7rIZviUmN+EgEM=
